
Microsoft Visual Studio Solution File, Format Version 12.00
# Visual Studio Version 16
VisualStudioVersion = 16.0.29215.179
MinimumVisualStudioVersion = 10.0.40219.1
Project("{FAE04EC0-301F-11D3-BF4B-00C04F79EFBC}") = "prjFirstMVC", "prjFirstMVC\prjFirstMVC.csproj", "{6C497FFE-99A2-4A1A-BF9C-CFA68C1336AE}"
EndProject
Global
	GlobalSection(SolutionConfigurationPlatforms) = preSolution
		Debug|Any CPU = Debug|Any CPU
		Release|Any CPU = Release|Any CPU
	EndGlobalSection
	GlobalSection(ProjectConfigurationPlatforms) = postSolution
		{6C497FFE-99A2-4A1A-BF9C-CFA68C1336AE}.Debug|Any CPU.ActiveCfg = Debug|Any CPU
		{6C497FFE-99A2-4A1A-BF9C-CFA68C1336AE}.Debug|Any CPU.Build.0 = Debug|Any CPU
		{6C497FFE-99A2-4A1A-BF9C-CFA68C1336AE}.Release|Any CPU.ActiveCfg = Release|Any CPU
		{6C497FFE-99A2-4A1A-BF9C-CFA68C1336AE}.Release|Any CPU.Build.0 = Release|Any CPU
	EndGlobalSection
	GlobalSection(SolutionProperties) = preSolution
		HideSolutionNode = FALSE
	EndGlobalSection
	GlobalSection(ExtensibilityGlobals) = postSolution
		SolutionGuid = {B6667D50-CB8A-4E0E-A2E4-10EB40003EE3}
	EndGlobalSection
EndGlobal
